// !$*UTF8*$!
{
	archiveVersion = 1;
	classes = {
	};
	objectVersion = 46;
	objects = {

/* Begin PBXBuildFile section */
		B8C9DE831CBF97F200775C18 /* AppDelegate.swift in Sources */ = {isa = PBXBuildFile; fileRef = B8C9DE821CBF97F200775C18 /* AppDelegate.swift */; };
		B8C9DE881CBF97F200775C18 /* Main.storyboard in Resources */ = {isa = PBXBuildFile; fileRef = B8C9DE861CBF97F200775C18 /* Main.storyboard */; };
		B8C9DE8A1CBF97F200775C18 /* Assets.xcassets in Resources */ = {isa = PBXBuildFile; fileRef = B8C9DE891CBF97F200775C18 /* Assets.xcassets */; };
		B8C9DE8D1CBF97F200775C18 /* LaunchScreen.storyboard in Resources */ = {isa = PBXBuildFile; fileRef = B8C9DE8B1CBF97F200775C18 /* LaunchScreen.storyboard */; };
		B8C9DE951CBF980300775C18 /* UltravisualLayout.swift in Sources */ = {isa = PBXBuildFile; fileRef = B8C9DE941CBF980300775C18 /* UltravisualLayout.swift */; };
		B8C9DE971CBF981B00775C18 /* TestViewController.swift in Sources */ = {isa = PBXBuildFile; fileRef = B8C9DE961CBF981B00775C18 /* TestViewController.swift */; };
/* End PBXBuildFile section */

/* Begin PBXFileReference section */
		B8C9DE7F1CBF97F100775C18 /* IndepthPageTransform.app */ = {isa = PBXFileReference; explicitFileType = wrapper.application; includeInIndex = 0; path = IndepthPageTransform.app; sourceTree = BUILT_PRODUCTS_DIR; };
		B8C9DE821CBF97F200775C18 /* AppDelegate.swift */ = {isa = PBXFileReference; lastKnownFileType = sourcecode.swift; path = AppDelegate.swift; sourceTree = "<group>"; };
		B8C9DE871CBF97F200775C18 /* Base */ = {isa = PBXFileReference; lastKnownFileType = file.storyboard; name = Base; path = Base.lproj/Main.storyboard; sourceTree = "<group>"; };
		B8C9DE891CBF97F200775C18 /* Assets.xcassets */ = {isa = PBXFileReference; lastKnownFileType = folder.assetcatalog; path = Assets.xcassets; sourceTree = "<group>"; };
		B8C9DE8C1CBF97F200775C18 /* Base */ = {isa = PBXFileReference; lastKnownFileType = file.storyboard; name = Base; path = Base.lproj/LaunchScreen.storyboard; sourceTree = "<group>"; };
		B8C9DE8E1CBF97F200775C18 /* Info.plist */ = {isa = PBXFileReference; lastKnownFileType = text.plist.xml; path = Info.plist; sourceTree = "<group>"; };
		B8C9DE941CBF980300775C18 /* UltravisualLayout.swift */ = {isa = PBXFileReference; fileEncoding = 4; lastKnownFileType = sourcecode.swift; path = UltravisualLayout.swift; sourceTree = "<group>"; };
		B8C9DE961CBF981B00775C18 /* TestViewController.swift */ = {isa = PBXFileReference; fileEncoding = 4; lastKnownFileType = sourcecode.swift; path = TestViewController.swift; sourceTree = "<group>"; };
/* End PBXFileReference section */

/* Begin PBXFrameworksBuildPhase section */
		B8C9DE7C1CBF97F100775C18 /* Frameworks */ = {
			isa = PBXFrameworksBuildPhase;
			buildActionMask = 2147483647;
			files = (
			);
			runOnlyForDeploymentPostprocessing = 0;
		};
/* End PBXFrameworksBuildPhase section */

/* Begin PBXGroup section */
		B8C9DE761CBF97F100775C18 = {
			isa = PBXGroup;
			children = (
				B8C9DE811CBF97F200775C18 /* IndepthPageTransform */,
				B8C9DE801CBF97F100775C18 /* Products */,
			);
			sourceTree = "<group>";
		};
		B8C9DE801CBF97F100775C18 /* Products */ = {
			isa = PBXGroup;
			children = (
				B8C9DE7F1CBF97F100775C18 /* IndepthPageTransform.app */,
			);
			name = Products;
			sourceTree = "<group>";
		};
		B8C9DE811CBF97F200775C18 /* IndepthPageTransform */ = {
			isa = PBXGroup;
			children = (
				B8C9DE821CBF97F200775C18 /* AppDelegate.swift */,
				B8C9DE961CBF981B00775C18 /* TestViewController.swift */,
				B8C9DE941CBF980300775C18 /* UltravisualLayout.swift */,
				B8C9DE861CBF97F200775C18 /* Main.storyboard */,
				B8C9DE891CBF97F200775C18 /* Assets.xcassets */,
				B8C9DE8B1CBF97F200775C18 /* LaunchScreen.storyboard */,
				B8C9DE8E1CBF97F200775C18 /* Info.plist */,
			);
			path = IndepthPageTransform;
			sourceTree = "<group>";
		};
/* End PBXGroup section */

/* Begin PBXNativeTarget section */
		B8C9DE7E1CBF97F100775C18 /* IndepthPageTransform */ = {
			isa = PBXNativeTarget;
			buildConfigurationList = B8C9DE911CBF97F200775C18 /* Build configuration list for PBXNativeTarget "IndepthPageTransform" */;
			buildPhases = (
				B8C9DE7B1CBF97F100775C18 /* Sources */,
				B8C9DE7C1CBF97F100775C18 /* Frameworks */,
				B8C9DE7D1CBF97F100775C18 /* Resources */,
			);
			buildRules = (
			);
			dependencies = (
			);
			name = IndepthPageTransform;
			productName = IndepthPageTransform;
			productReference = B8C9DE7F1CBF97F100775C18 /* IndepthPageTransform.app */;
			productType = "com.apple.product-type.application";
		};
/* End PBXNativeTarget section */

/* Begin PBXProject section */
		B8C9DE771CBF97F100775C18 /* Project object */ = {
			isa = PBXProject;
			attributes = {
				LastSwiftUpdateCheck = 0730;
				LastUpgradeCheck = 0730;
				ORGANIZATIONNAME = AnishParajuli;
				TargetAttributes = {
					B8C9DE7E1CBF97F100775C18 = {
						CreatedOnToolsVersion = 7.3;
					};
				};
			};
			buildConfigurationList = B8C9DE7A1CBF97F100775C18 /* Build configuration list for PBXProject "IndepthPageTransform" */;
			compatibilityVersion = "Xcode 3.2";
			developmentRegion = English;
			hasScannedForEncodings = 0;
			knownRegions = (
				en,
				Base,
			);
			mainGroup = B8C9DE761CBF97F100775C18;
			productRefGroup = B8C9DE801CBF97F100775C18 /* Products */;
			projectDirPath = "";
			projectRoot = "";
			targets = (
				B8C9DE7E1CBF97F100775C18 /* IndepthPageTransform */,
			);
		};
/* End PBXProject section */

/* Begin PBXResourcesBuildPhase section */
		B8C9DE7D1CBF97F100775C18 /* Resources */ = {
			isa = PBXResourcesBuildPhase;
			buildActionMask = 2147483647;
			files = (
				B8C9DE8D1CBF97F200775C18 /* LaunchScreen.storyboard in Resources */,
				B8C9DE8A1CBF97F200775C18 /* Assets.xcassets in Resources */,
				B8C9DE881CBF97F200775C18 /* Main.storyboard in Resources */,
			);
			runOnlyForDeploymentPostprocessing = 0;
		};
/* End PBXResourcesBuildPhase section */

/* Begin PBXSourcesBuildPhase section */
		B8C9DE7B1CBF97F100775C18 /* Sources */ = {
			isa = PBXSourcesBuildPhase;
			buildActionMask = 2147483647;
			files = (
				B8C9DE951CBF980300775C18 /* UltravisualLayout.swift in Sources */,
				B8C9DE831CBF97F200775C18 /* AppDelegate.swift in Sources */,
				B8C9DE971CBF981B00775C18 /* TestViewController.swift in Sources */,
			);
			runOnlyForDeploymentPostprocessing = 0;
		};
/* End PBXSourcesBuildPhase section */

/* Begin PBXVariantGroup section */
		B8C9DE861CBF97F200775C18 /* Main.storyboard */ = {
			isa = PBXVariantGroup;
			children = (
				B8C9DE871CBF97F200775C18 /* Base */,
			);
			name = Main.storyboard;
			sourceTree = "<group>";
		};
		B8C9DE8B1CBF97F200775C18 /* LaunchScreen.storyboard */ = {
			isa = PBXVariantGroup;
			children = (
				B8C9DE8C1CBF97F200775C18 /* Base */,
			);
			name = LaunchScreen.storyboard;
			sourceTree = "<group>";
		};
/* End PBXVariantGroup section */

/* Begin XCBuildConfiguration section */
		B8C9DE8F1CBF97F200775C18 /* Debug */ = {
			isa = XCBuildConfiguration;
			buildSettings = {
				ALWAYS_SEARCH_USER_PATHS = NO;
				CLANG_ANALYZER_NONNULL = YES;
				CLANG_CXX_LANGUAGE_STANDARD = "gnu++0x";
				CLANG_CXX_LIBRARY = "libc++";
				CLANG_ENABLE_MODULES = YES;
				CLANG_ENABLE_OBJC_ARC = YES;
				CLANG_WARN_BOOL_CONVERSION = YES;
				CLANG_WARN_CONSTANT_CONVERSION = YES;
				CLANG_WARN_DIRECT_OBJC_ISA_USAGE = YES_ERROR;
				CLANG_WARN_EMPTY_BODY = YES;
				CLANG_WARN_ENUM_CONVERSION = YES;
				CLANG_WARN_INT_CONVERSION = YES;
				CLANG_WARN_OBJC_ROOT_CLASS = YES_ERROR;
				CLANG_WARN_UNREACHABLE_CODE = YES;
				CLANG_WARN__DUPLICATE_METHOD_MATCH = YES;
				"CODE_SIGN_IDENTITY[sdk=iphoneos*]" = "iPhone Developer";
				COPY_PHASE_STRIP = NO;
				DEBUG_INFORMATION_FORMAT = dwarf;
				ENABLE_STRICT_OBJC_MSGSEND = YES;
				ENABLE_TESTABILITY = YES;
				GCC_C_LANGUAGE_STANDARD = gnu99;
				GCC_DYNAMIC_NO_PIC = NO;
				GCC_NO_COMMON_BLOCKS = YES;
				GCC_OPTIMIZATION_LEVEL = 0;
				GCC_PREPROCESSOR_DEFINITIONS = (
					"DEBUG=1",
					"$(inherited)",
				);
				GCC_WARN_64_TO_32_BIT_CONVERSION = YES;
				GCC_WARN_ABOUT_RETURN_TYPE = YES_ERROR;
				GCC_WARN_UNDECLARED_SELECTOR = YES;
				GCC_WARN_UNINITIALIZED_AUTOS = YES_AGGRESSIVE;
				GCC_WARN_UNUSED_FUNCTION = YES;
				GCC_WARN_UNUSED_VARIABLE = YES;
				IPHONEOS_DEPLOYMENT_TARGET = 9.3;
				MTL_ENABLE_DEBUG_INFO = YES;
				ONLY_ACTIVE_ARCH = YES;
				SDKROOT = iphoneos;
				SWIFT_OPTIMIZATION_LEVEL = "-Onone";
			};
			name = Debug;
		};
		B8C9DE901CBF97F200775C18 /* Release */ = {
			isa = XCBuildConfiguration;
			buildSettings = {
				ALWAYS_SEARCH_USER_PATHS = NO;
				CLANG_ANALYZER_NONNULL = YES;
				CLANG_CXX_LANGUAGE_STANDARD = "gnu++0x";
				CLANG_CXX_LIBRARY = "libc++";
				CLANG_ENABLE_MODULES = YES;
				CLANG_ENABLE_OBJC_ARC = YES;
				CLANG_WARN_BOOL_CONVERSION = YES;
				CLANG_WARN_CONSTANT_CONVERSION = YES;
				CLANG_WARN_DIRECT_OBJC_ISA_USAGE = YES_ERROR;
				CLANG_WARN_EMPTY_BODY = YES;
				CLANG_WARN_ENUM_CONVERSION = YES;
				CLANG_WARN_INT_CONVERSION = YES;
				CLANG_WARN_OBJC_ROOT_CLASS = YES_ERROR;
				CLANG_WARN_UNREACHABLE_CODE = YES;
				CLANG_WARN__DUPLICATE_METHOD_MATCH = YES;
				"CODE_SIGN_IDENTITY[sdk=iphoneos*]" = "iPhone Developer";
				COPY_PHASE_STRIP = NO;
				DEBUG_INFORMATION_FORMAT = "dwarf-with-dsym";
				ENABLE_NS_ASSERTIONS = NO;
				ENABLE_STRICT_OBJC_MSGSEND = YES;
				GCC_C_LANGUAGE_STANDARD = gnu99;
				GCC_NO_COMMON_BLOCKS = YES;
				GCC_WARN_64_TO_32_BIT_CONVERSION = YES;
				GCC_WARN_ABOUT_RETURN_TYPE = YES_ERROR;
				GCC_WARN_UNDECLARED_SELECTOR = YES;
				GCC_WARN_UNINITIALIZED_AUTOS = YES_AGGRESSIVE;
				GCC_WARN_UNUSED_FUNCTION = YES;
				GCC_WARN_UNUSED_VARIABLE = YES;
				IPHONEOS_DEPLOYMENT_TARGET = 9.3;
				MTL_ENABLE_DEBUG_INFO = NO;
				SDKROOT = iphoneos;
				VALIDATE_PRODUCT = YES;
			};
			name = Release;
		};
		B8C9DE921CBF97F200775C18 /* Debug */ = {
			isa = XCBuildConfiguration;
			buildSettings = {
				ASSETCATALOG_COMPILER_APPICON_NAME = AppIcon;
				INFOPLIST_FILE = IndepthPageTransform/Info.plist;
				IPHONEOS_DEPLOYMENT_TARGET = 9.2;
				LD_RUNPATH_SEARCH_PATHS = "$(inherited) @executable_path/Frameworks";
				PRODUCT_BUNDLE_IDENTIFIER = com.anishParajuli.IndepthPageTransform;
				PRODUCT_NAME = "$(TARGET_NAME)";
			};
			name = Debug;
		};
		B8C9DE931CBF97F200775C18 /* Release */ = {
			isa = XCBuildConfiguration;
			buildSettings = {
				ASSETCATALOG_COMPILER_APPICON_NAME = AppIcon;
				INFOPLIST_FILE = IndepthPageTransform/Info.plist;
				IPHONEOS_DEPLOYMENT_TARGET = 9.2;
				LD_RUNPATH_SEARCH_PATHS = "$(inherited) @executable_path/Frameworks";
				PRODUCT_BUNDLE_IDENTIFIER = com.anishParajuli.IndepthPageTransform;
				PRODUCT_NAME = "$(TARGET_NAME)";
			};
			name = Release;
		};
/* End XCBuildConfiguration section */

/* Begin XCConfigurationList section */
		B8C9DE7A1CBF97F100775C18 /* Build configuration list for PBXProject "IndepthPageTransform" */ = {
			isa = XCConfigurationList;
			buildConfigurations = (
				B8C9DE8F1CBF97F200775C18 /* Debug */,
				B8C9DE901CBF97F200775C18 /* Release */,
			);
			defaultConfigurationIsVisible = 0;
			defaultConfigurationName = Release;
		};
		B8C9DE911CBF97F200775C18 /* Build configuration list for PBXNativeTarget "IndepthPageTransform" */ = {
			isa = XCConfigurationList;
			buildConfigurations = (
				B8C9DE921CBF97F200775C18 /* Debug */,
				B8C9DE931CBF97F200775C18 /* Release */,
			);
			defaultConfigurationIsVisible = 0;
			defaultConfigurationName = Release;
		};
/* End XCConfigurationList section */
	};
	rootObject = B8C9DE771CBF97F100775C18 /* Project object */;
}
